
Microsoft Visual Studio Solution File, Format Version 12.00
# Visual Studio Version 17
VisualStudioVersion = 17.10.35013.160
MinimumVisualStudioVersion = 10.0.40219.1
Project("{FAE04EC0-301F-11D3-BF4B-00C04F79EFBC}") = "Server", "Server\Server.csproj", "{6EAA0946-8A83-4B42-B378-24FAF6B5AD03}"
EndProject
Project("{FAE04EC0-301F-11D3-BF4B-00C04F79EFBC}") = "Client", "Client\Client.csproj", "{C9035AB5-B452-4819-B91C-14C1AF46F9C2}"
EndProject
Global
	GlobalSection(SolutionConfigurationPlatforms) = preSolution
		Debug|Any CPU = Debug|Any CPU
		Release|Any CPU = Release|Any CPU
	EndGlobalSection
	GlobalSection(ProjectConfigurationPlatforms) = postSolution
		{6EAA0946-8A83-4B42-B378-24FAF6B5AD03}.Debug|Any CPU.ActiveCfg = Debug|Any CPU
		{6EAA0946-8A83-4B42-B378-24FAF6B5AD03}.Debug|Any CPU.Build.0 = Debug|Any CPU
		{6EAA0946-8A83-4B42-B378-24FAF6B5AD03}.Release|Any CPU.ActiveCfg = Release|Any CPU
		{6EAA0946-8A83-4B42-B378-24FAF6B5AD03}.Release|Any CPU.Build.0 = Release|Any CPU
		{C9035AB5-B452-4819-B91C-14C1AF46F9C2}.Debug|Any CPU.ActiveCfg = Debug|Any CPU
		{C9035AB5-B452-4819-B91C-14C1AF46F9C2}.Debug|Any CPU.Build.0 = Debug|Any CPU
		{C9035AB5-B452-4819-B91C-14C1AF46F9C2}.Release|Any CPU.ActiveCfg = Release|Any CPU
		{C9035AB5-B452-4819-B91C-14C1AF46F9C2}.Release|Any CPU.Build.0 = Release|Any CPU
	EndGlobalSection
	GlobalSection(SolutionProperties) = preSolution
		HideSolutionNode = FALSE
	EndGlobalSection
	GlobalSection(ExtensibilityGlobals) = postSolution
		SolutionGuid = {C078732D-14C2-4B9D-BD08-49F54B829C8B}
	EndGlobalSection
EndGlobal
